
Microsoft Visual Studio Solution File, Format Version 12.00
# Visual Studio Version 17
VisualStudioVersion = 17.10.34928.147
MinimumVisualStudioVersion = 10.0.40219.1
Project("{FAE04EC0-301F-11D3-BF4B-00C04F79EFBC}") = "ShopOnlineDesktop", "ShopOnlineDesktop.csproj", "{C551EE0F-6219-4626-9F3C-BA30216E8554}"
EndProject
Global
	GlobalSection(SolutionConfigurationPlatforms) = preSolution
		Debug|Any CPU = Debug|Any CPU
		Release|Any CPU = Release|Any CPU
	EndGlobalSection
	GlobalSection(ProjectConfigurationPlatforms) = postSolution
		{C551EE0F-6219-4626-9F3C-BA30216E8554}.Debug|Any CPU.ActiveCfg = Debug|Any CPU
		{C551EE0F-6219-4626-9F3C-BA30216E8554}.Debug|Any CPU.Build.0 = Debug|Any CPU
		{C551EE0F-6219-4626-9F3C-BA30216E8554}.Release|Any CPU.ActiveCfg = Release|Any CPU
		{C551EE0F-6219-4626-9F3C-BA30216E8554}.Release|Any CPU.Build.0 = Release|Any CPU
	EndGlobalSection
	GlobalSection(SolutionProperties) = preSolution
		HideSolutionNode = FALSE
	EndGlobalSection
	GlobalSection(ExtensibilityGlobals) = postSolution
		SolutionGuid = {19BD84A7-2BFD-4B33-90C6-9CB30E6FF1AA}
	EndGlobalSection
EndGlobal
